// !$*UTF8*$!
{
	archiveVersion = 1;
	classes = {
	};
	objectVersion = 51;
	objects = {

/* Begin PBXBuildFile section */
		50FF2FC67C11C9A0186D9F3A /* Pods_TattoodoAssignment__iOS_.framework in Frameworks */ = {isa = PBXBuildFile; fileRef = EA3CA32B4C81E2DBE9D4ABC4 /* Pods_TattoodoAssignment__iOS_.framework */; };
		CE02BC2A26845183005B6145 /* NetworkManager.swift in Sources */ = {isa = PBXBuildFile; fileRef = CE02BC2926845183005B6145 /* NetworkManager.swift */; };
		CE02BC2D26845657005B6145 /* PostModel.swift in Sources */ = {isa = PBXBuildFile; fileRef = CE02BC2C26845657005B6145 /* PostModel.swift */; };
		CE02BC3126845BEB005B6145 /* PostDetailModel.swift in Sources */ = {isa = PBXBuildFile; fileRef = CE02BC3026845BEB005B6145 /* PostDetailModel.swift */; };
		CE02BC3526845D26005B6145 /* PostsResponseModel.swift in Sources */ = {isa = PBXBuildFile; fileRef = CE02BC3426845D26005B6145 /* PostsResponseModel.swift */; };
		CE02BC3826845EC4005B6145 /* Endpoints.swift in Sources */ = {isa = PBXBuildFile; fileRef = CE02BC3726845EC4005B6145 /* Endpoints.swift */; };
		CE02BC3B26846299005B6145 /* HTTPService.swift in Sources */ = {isa = PBXBuildFile; fileRef = CE02BC3A26846299005B6145 /* HTTPService.swift */; };
		CE02BC4126846E94005B6145 /* NetworkLogger.swift in Sources */ = {isa = PBXBuildFile; fileRef = CE02BC4026846E94005B6145 /* NetworkLogger.swift */; };
		CE02BC4426846EC8005B6145 /* NetworkRouter.swift in Sources */ = {isa = PBXBuildFile; fileRef = CE02BC4326846EC8005B6145 /* NetworkRouter.swift */; };
		CE02BC4826847086005B6145 /* ParameterEncoding.swift in Sources */ = {isa = PBXBuildFile; fileRef = CE02BC4726847086005B6145 /* ParameterEncoding.swift */; };
		CE02BC4C268470C4005B6145 /* URLParameterEncoding.swift in Sources */ = {isa = PBXBuildFile; fileRef = CE02BC4B268470C4005B6145 /* URLParameterEncoding.swift */; };
		CE02BC5026847107005B6145 /* JSONParameterEncoder.swift in Sources */ = {isa = PBXBuildFile; fileRef = CE02BC4F26847107005B6145 /* JSONParameterEncoder.swift */; };
		CE02BC6B26847EAC005B6145 /* Assets.xcassets in Resources */ = {isa = PBXBuildFile; fileRef = CE02BC6A26847EAC005B6145 /* Assets.xcassets */; };
		CE02BC752684B9CF005B6145 /* Coordinator.swift in Sources */ = {isa = PBXBuildFile; fileRef = CE02BC742684B9CF005B6145 /* Coordinator.swift */; };
		CE02BC792684BA27005B6145 /* AppCoordinator.swift in Sources */ = {isa = PBXBuildFile; fileRef = CE02BC782684BA27005B6145 /* AppCoordinator.swift */; };
		CE02BC7C2684C2B9005B6145 /* InputCoordinator.swift in Sources */ = {isa = PBXBuildFile; fileRef = CE02BC7B2684C2B9005B6145 /* InputCoordinator.swift */; };
		CE02BC7F26850B6D005B6145 /* PostsListViewController.swift in Sources */ = {isa = PBXBuildFile; fileRef = CE02BC7E26850B6D005B6145 /* PostsListViewController.swift */; };
		CE02BC8526850F31005B6145 /* PostsListViewModel.swift in Sources */ = {isa = PBXBuildFile; fileRef = CE02BC8426850F31005B6145 /* PostsListViewModel.swift */; };
		CE02BC962685DEE4005B6145 /* PostCollectionViewCell.swift in Sources */ = {isa = PBXBuildFile; fileRef = CE02BC942685DEE4005B6145 /* PostCollectionViewCell.swift */; };
		CE02BC9D2685ECDB005B6145 /* PinterestLayout.swift in Sources */ = {isa = PBXBuildFile; fileRef = CE02BC9C2685ECDB005B6145 /* PinterestLayout.swift */; };
		CEC3261026843F4A00A6E884 /* AppDelegate.swift in Sources */ = {isa = PBXBuildFile; fileRef = CEC3260F26843F4A00A6E884 /* AppDelegate.swift */; };
/* End PBXBuildFile section */

/* Begin PBXFileReference section */
		193E36427A7832F9D0BEE1CD /* Pods-TattoodoAssignment (iOS).release.xcconfig */ = {isa = PBXFileReference; includeInIndex = 1; lastKnownFileType = text.xcconfig; name = "Pods-TattoodoAssignment (iOS).release.xcconfig"; path = "Target Support Files/Pods-TattoodoAssignment (iOS)/Pods-TattoodoAssignment (iOS).release.xcconfig"; sourceTree = "<group>"; };
		426059A8AB51E0AD9E1ED3BF /* Pods-TattoodoAssignment (iOS).debug.xcconfig */ = {isa = PBXFileReference; includeInIndex = 1; lastKnownFileType = text.xcconfig; name = "Pods-TattoodoAssignment (iOS).debug.xcconfig"; path = "Target Support Files/Pods-TattoodoAssignment (iOS)/Pods-TattoodoAssignment (iOS).debug.xcconfig"; sourceTree = "<group>"; };
		CE02BC2926845183005B6145 /* NetworkManager.swift */ = {isa = PBXFileReference; lastKnownFileType = sourcecode.swift; path = NetworkManager.swift; sourceTree = "<group>"; };
		CE02BC2C26845657005B6145 /* PostModel.swift */ = {isa = PBXFileReference; lastKnownFileType = sourcecode.swift; path = PostModel.swift; sourceTree = "<group>"; };
		CE02BC3026845BEB005B6145 /* PostDetailModel.swift */ = {isa = PBXFileReference; lastKnownFileType = sourcecode.swift; path = PostDetailModel.swift; sourceTree = "<group>"; };
		CE02BC3426845D26005B6145 /* PostsResponseModel.swift */ = {isa = PBXFileReference; lastKnownFileType = sourcecode.swift; path = PostsResponseModel.swift; sourceTree = "<group>"; };
		CE02BC3726845EC4005B6145 /* Endpoints.swift */ = {isa = PBXFileReference; lastKnownFileType = sourcecode.swift; path = Endpoints.swift; sourceTree = "<group>"; };
		CE02BC3A26846299005B6145 /* HTTPService.swift */ = {isa = PBXFileReference; lastKnownFileType = sourcecode.swift; path = HTTPService.swift; sourceTree = "<group>"; };
		CE02BC4026846E94005B6145 /* NetworkLogger.swift */ = {isa = PBXFileReference; lastKnownFileType = sourcecode.swift; path = NetworkLogger.swift; sourceTree = "<group>"; };
		CE02BC4326846EC8005B6145 /* NetworkRouter.swift */ = {isa = PBXFileReference; lastKnownFileType = sourcecode.swift; path = NetworkRouter.swift; sourceTree = "<group>"; };
		CE02BC4726847086005B6145 /* ParameterEncoding.swift */ = {isa = PBXFileReference; lastKnownFileType = sourcecode.swift; path = ParameterEncoding.swift; sourceTree = "<group>"; };
		CE02BC4B268470C4005B6145 /* URLParameterEncoding.swift */ = {isa = PBXFileReference; lastKnownFileType = sourcecode.swift; path = URLParameterEncoding.swift; sourceTree = "<group>"; };
		CE02BC4F26847107005B6145 /* JSONParameterEncoder.swift */ = {isa = PBXFileReference; lastKnownFileType = sourcecode.swift; path = JSONParameterEncoder.swift; sourceTree = "<group>"; };
		CE02BC6A26847EAC005B6145 /* Assets.xcassets */ = {isa = PBXFileReference; lastKnownFileType = folder.assetcatalog; path = Assets.xcassets; sourceTree = "<group>"; };
		CE02BC742684B9CF005B6145 /* Coordinator.swift */ = {isa = PBXFileReference; lastKnownFileType = sourcecode.swift; path = Coordinator.swift; sourceTree = "<group>"; };
		CE02BC782684BA27005B6145 /* AppCoordinator.swift */ = {isa = PBXFileReference; lastKnownFileType = sourcecode.swift; path = AppCoordinator.swift; sourceTree = "<group>"; };
		CE02BC7B2684C2B9005B6145 /* InputCoordinator.swift */ = {isa = PBXFileReference; lastKnownFileType = sourcecode.swift; path = InputCoordinator.swift; sourceTree = "<group>"; };
		CE02BC7E26850B6D005B6145 /* PostsListViewController.swift */ = {isa = PBXFileReference; lastKnownFileType = sourcecode.swift; path = PostsListViewController.swift; sourceTree = "<group>"; };
		CE02BC8426850F31005B6145 /* PostsListViewModel.swift */ = {isa = PBXFileReference; lastKnownFileType = sourcecode.swift; path = PostsListViewModel.swift; sourceTree = "<group>"; };
		CE02BC942685DEE4005B6145 /* PostCollectionViewCell.swift */ = {isa = PBXFileReference; lastKnownFileType = sourcecode.swift; path = PostCollectionViewCell.swift; sourceTree = "<group>"; };
		CE02BC9C2685ECDB005B6145 /* PinterestLayout.swift */ = {isa = PBXFileReference; lastKnownFileType = sourcecode.swift; path = PinterestLayout.swift; sourceTree = "<group>"; };
		CE634FF726833F8100EF0E27 /* TattoodoAssignment.app */ = {isa = PBXFileReference; explicitFileType = wrapper.application; includeInIndex = 0; path = TattoodoAssignment.app; sourceTree = BUILT_PRODUCTS_DIR; };
		CE634FFA26833F8100EF0E27 /* Info.plist */ = {isa = PBXFileReference; lastKnownFileType = text.plist.xml; path = Info.plist; sourceTree = "<group>"; };
		CEC3260F26843F4A00A6E884 /* AppDelegate.swift */ = {isa = PBXFileReference; lastKnownFileType = sourcecode.swift; path = AppDelegate.swift; sourceTree = "<group>"; };
		EA3CA32B4C81E2DBE9D4ABC4 /* Pods_TattoodoAssignment__iOS_.framework */ = {isa = PBXFileReference; explicitFileType = wrapper.framework; includeInIndex = 0; path = Pods_TattoodoAssignment__iOS_.framework; sourceTree = BUILT_PRODUCTS_DIR; };
/* End PBXFileReference section */

/* Begin PBXFrameworksBuildPhase section */
		CE634FF426833F8100EF0E27 /* Frameworks */ = {
			isa = PBXFrameworksBuildPhase;
			buildActionMask = 2147483647;
			files = (
				50FF2FC67C11C9A0186D9F3A /* Pods_TattoodoAssignment__iOS_.framework in Frameworks */,
			);
			runOnlyForDeploymentPostprocessing = 0;
		};
/* End PBXFrameworksBuildPhase section */

/* Begin PBXGroup section */
		393EFED04C5BB9FFBDB33DF7 /* Frameworks */ = {
			isa = PBXGroup;
			children = (
				EA3CA32B4C81E2DBE9D4ABC4 /* Pods_TattoodoAssignment__iOS_.framework */,
			);
			name = Frameworks;
			sourceTree = "<group>";
		};
		54DB27D5E08C98BB34B1707D /* Pods */ = {
			isa = PBXGroup;
			children = (
				426059A8AB51E0AD9E1ED3BF /* Pods-TattoodoAssignment (iOS).debug.xcconfig */,
				193E36427A7832F9D0BEE1CD /* Pods-TattoodoAssignment (iOS).release.xcconfig */,
			);
			path = Pods;
			sourceTree = "<group>";
		};
		CE02BC4626847075005B6145 /* Encoding */ = {
			isa = PBXGroup;
			children = (
				CE02BC4726847086005B6145 /* ParameterEncoding.swift */,
				CE02BC4F26847107005B6145 /* JSONParameterEncoder.swift */,
				CE02BC4B268470C4005B6145 /* URLParameterEncoding.swift */,
			);
			path = Encoding;
			sourceTree = "<group>";
		};
		CE02BC722684B9A7005B6145 /* Coordinator */ = {
			isa = PBXGroup;
			children = (
				CE02BC742684B9CF005B6145 /* Coordinator.swift */,
				CE02BC782684BA27005B6145 /* AppCoordinator.swift */,
				CE02BC7B2684C2B9005B6145 /* InputCoordinator.swift */,
			);
			path = Coordinator;
			sourceTree = "<group>";
		};
		CE02BC932685DE91005B6145 /* Cells */ = {
			isa = PBXGroup;
			children = (
				CE02BC942685DEE4005B6145 /* PostCollectionViewCell.swift */,
			);
			path = Cells;
			sourceTree = "<group>";
		};
		CE634FEA26833F8000EF0E27 = {
			isa = PBXGroup;
			children = (
				CEC3260F26843F4A00A6E884 /* AppDelegate.swift */,
				CE634FFA26833F8100EF0E27 /* Info.plist */,
				CE02BC722684B9A7005B6145 /* Coordinator */,
				CEC326172684429400A6E884 /* Network */,
				CEC32616268440A000A6E884 /* Controllers */,
				CEC326142684407D00A6E884 /* Models */,
				CEC326152684408300A6E884 /* ViewModels */,
				CE634FEF26833F8000EF0E27 /* Resource */,
				CE634FF826833F8100EF0E27 /* Products */,
				54DB27D5E08C98BB34B1707D /* Pods */,
				393EFED04C5BB9FFBDB33DF7 /* Frameworks */,
			);
			sourceTree = "<group>";
		};
		CE634FEF26833F8000EF0E27 /* Resource */ = {
			isa = PBXGroup;
			children = (
				CE02BC6A26847EAC005B6145 /* Assets.xcassets */,
			);
			path = Resource;
			sourceTree = "<group>";
		};
		CE634FF826833F8100EF0E27 /* Products */ = {
			isa = PBXGroup;
			children = (
				CE634FF726833F8100EF0E27 /* TattoodoAssignment.app */,
			);
			name = Products;
			sourceTree = "<group>";
		};
		CEC326142684407D00A6E884 /* Models */ = {
			isa = PBXGroup;
			children = (
				CE02BC2C26845657005B6145 /* PostModel.swift */,
				CE02BC3026845BEB005B6145 /* PostDetailModel.swift */,
				CE02BC3426845D26005B6145 /* PostsResponseModel.swift */,
			);
			path = Models;
			sourceTree = "<group>";
		};
		CEC326152684408300A6E884 /* ViewModels */ = {
			isa = PBXGroup;
			children = (
				CE02BC8426850F31005B6145 /* PostsListViewModel.swift */,
			);
			path = ViewModels;
			sourceTree = "<group>";
		};
		CEC32616268440A000A6E884 /* Controllers */ = {
			isa = PBXGroup;
			children = (
				CE02BC932685DE91005B6145 /* Cells */,
				CE02BC7E26850B6D005B6145 /* PostsListViewController.swift */,
				CE02BC9C2685ECDB005B6145 /* PinterestLayout.swift */,
			);
			path = Controllers;
			sourceTree = "<group>";
		};
		CEC326172684429400A6E884 /* Network */ = {
			isa = PBXGroup;
			children = (
				CE02BC4626847075005B6145 /* Encoding */,
				CE02BC3726845EC4005B6145 /* Endpoints.swift */,
				CE02BC3A26846299005B6145 /* HTTPService.swift */,
				CE02BC4026846E94005B6145 /* NetworkLogger.swift */,
				CE02BC4326846EC8005B6145 /* NetworkRouter.swift */,
				CE02BC2926845183005B6145 /* NetworkManager.swift */,
			);
			path = Network;
			sourceTree = "<group>";
		};
/* End PBXGroup section */

/* Begin PBXNativeTarget section */
		CE634FF626833F8100EF0E27 /* TattoodoAssignment (iOS) */ = {
			isa = PBXNativeTarget;
			buildConfigurationList = CE63500B26833F8100EF0E27 /* Build configuration list for PBXNativeTarget "TattoodoAssignment (iOS)" */;
			buildPhases = (
				FCD14404B15DA4D4CA7F31CA /* [CP] Check Pods Manifest.lock */,
				CE634FF326833F8100EF0E27 /* Sources */,
				CE634FF426833F8100EF0E27 /* Frameworks */,
				CE634FF526833F8100EF0E27 /* Resources */,
				6681D80F39A0D4E1E339BFC9 /* [CP] Embed Pods Frameworks */,
			);
			buildRules = (
			);
			dependencies = (
			);
			name = "TattoodoAssignment (iOS)";
			productName = "TattoodoAssignment (iOS)";
			productReference = CE634FF726833F8100EF0E27 /* TattoodoAssignment.app */;
			productType = "com.apple.product-type.application";
		};
/* End PBXNativeTarget section */

/* Begin PBXProject section */
		CE634FEB26833F8000EF0E27 /* Project object */ = {
			isa = PBXProject;
			attributes = {
				LastSwiftUpdateCheck = 1240;
				LastUpgradeCheck = 1240;
				TargetAttributes = {
					CE634FF626833F8100EF0E27 = {
						CreatedOnToolsVersion = 12.4;
					};
				};
			};
			buildConfigurationList = CE634FEE26833F8000EF0E27 /* Build configuration list for PBXProject "TattoodoAssignment" */;
			compatibilityVersion = "Xcode 9.3";
			developmentRegion = en;
			hasScannedForEncodings = 0;
			knownRegions = (
				en,
				Base,
			);
			mainGroup = CE634FEA26833F8000EF0E27;
			productRefGroup = CE634FF826833F8100EF0E27 /* Products */;
			projectDirPath = "";
			projectRoot = "";
			targets = (
				CE634FF626833F8100EF0E27 /* TattoodoAssignment (iOS) */,
			);
		};
/* End PBXProject section */

/* Begin PBXResourcesBuildPhase section */
		CE634FF526833F8100EF0E27 /* Resources */ = {
			isa = PBXResourcesBuildPhase;
			buildActionMask = 2147483647;
			files = (
				CE02BC6B26847EAC005B6145 /* Assets.xcassets in Resources */,
			);
			runOnlyForDeploymentPostprocessing = 0;
		};
/* End PBXResourcesBuildPhase section */

/* Begin PBXShellScriptBuildPhase section */
		6681D80F39A0D4E1E339BFC9 /* [CP] Embed Pods Frameworks */ = {
			isa = PBXShellScriptBuildPhase;
			buildActionMask = 2147483647;
			files = (
			);
			inputFileListPaths = (
				"${PODS_ROOT}/Target Support Files/Pods-TattoodoAssignment (iOS)/Pods-TattoodoAssignment (iOS)-frameworks-${CONFIGURATION}-input-files.xcfilelist",
			);
			name = "[CP] Embed Pods Frameworks";
			outputFileListPaths = (
				"${PODS_ROOT}/Target Support Files/Pods-TattoodoAssignment (iOS)/Pods-TattoodoAssignment (iOS)-frameworks-${CONFIGURATION}-output-files.xcfilelist",
			);
			runOnlyForDeploymentPostprocessing = 0;
			shellPath = /bin/sh;
			shellScript = "\"${PODS_ROOT}/Target Support Files/Pods-TattoodoAssignment (iOS)/Pods-TattoodoAssignment (iOS)-frameworks.sh\"\n";
			showEnvVarsInLog = 0;
		};
		FCD14404B15DA4D4CA7F31CA /* [CP] Check Pods Manifest.lock */ = {
			isa = PBXShellScriptBuildPhase;
			buildActionMask = 2147483647;
			files = (
			);
			inputFileListPaths = (
			);
			inputPaths = (
				"${PODS_PODFILE_DIR_PATH}/Podfile.lock",
				"${PODS_ROOT}/Manifest.lock",
			);
			name = "[CP] Check Pods Manifest.lock";
			outputFileListPaths = (
			);
			outputPaths = (
				"$(DERIVED_FILE_DIR)/Pods-TattoodoAssignment (iOS)-checkManifestLockResult.txt",
			);
			runOnlyForDeploymentPostprocessing = 0;
			shellPath = /bin/sh;
			shellScript = "diff \"${PODS_PODFILE_DIR_PATH}/Podfile.lock\" \"${PODS_ROOT}/Manifest.lock\" > /dev/null\nif [ $? != 0 ] ; then\n    # print error to STDERR\n    echo \"error: The sandbox is not in sync with the Podfile.lock. Run 'pod install' or update your CocoaPods installation.\" >&2\n    exit 1\nfi\n# This output is used by Xcode 'outputs' to avoid re-running this script phase.\necho \"SUCCESS\" > \"${SCRIPT_OUTPUT_FILE_0}\"\n";
			showEnvVarsInLog = 0;
		};
/* End PBXShellScriptBuildPhase section */

/* Begin PBXSourcesBuildPhase section */
		CE634FF326833F8100EF0E27 /* Sources */ = {
			isa = PBXSourcesBuildPhase;
			buildActionMask = 2147483647;
			files = (
				CE02BC9D2685ECDB005B6145 /* PinterestLayout.swift in Sources */,
				CE02BC4126846E94005B6145 /* NetworkLogger.swift in Sources */,
				CE02BC4426846EC8005B6145 /* NetworkRouter.swift in Sources */,
				CE02BC752684B9CF005B6145 /* Coordinator.swift in Sources */,
				CE02BC962685DEE4005B6145 /* PostCollectionViewCell.swift in Sources */,
				CE02BC4C268470C4005B6145 /* URLParameterEncoding.swift in Sources */,
				CEC3261026843F4A00A6E884 /* AppDelegate.swift in Sources */,
				CE02BC2D26845657005B6145 /* PostModel.swift in Sources */,
				CE02BC792684BA27005B6145 /* AppCoordinator.swift in Sources */,
				CE02BC2A26845183005B6145 /* NetworkManager.swift in Sources */,
				CE02BC4826847086005B6145 /* ParameterEncoding.swift in Sources */,
				CE02BC7C2684C2B9005B6145 /* InputCoordinator.swift in Sources */,
				CE02BC3526845D26005B6145 /* PostsResponseModel.swift in Sources */,
				CE02BC8526850F31005B6145 /* PostsListViewModel.swift in Sources */,
				CE02BC3126845BEB005B6145 /* PostDetailModel.swift in Sources */,
				CE02BC7F26850B6D005B6145 /* PostsListViewController.swift in Sources */,
				CE02BC3B26846299005B6145 /* HTTPService.swift in Sources */,
				CE02BC3826845EC4005B6145 /* Endpoints.swift in Sources */,
				CE02BC5026847107005B6145 /* JSONParameterEncoder.swift in Sources */,
			);
			runOnlyForDeploymentPostprocessing = 0;
		};
/* End PBXSourcesBuildPhase section */

/* Begin XCBuildConfiguration section */
		CE63500926833F8100EF0E27 /* Debug */ = {
			isa = XCBuildConfiguration;
			buildSettings = {
				ALWAYS_SEARCH_USER_PATHS = NO;
				CLANG_ANALYZER_NONNULL = YES;
				CLANG_ANALYZER_NUMBER_OBJECT_CONVERSION = YES_AGGRESSIVE;
				CLANG_CXX_LANGUAGE_STANDARD = "gnu++14";
				CLANG_CXX_LIBRARY = "libc++";
				CLANG_ENABLE_MODULES = YES;
				CLANG_ENABLE_OBJC_ARC = YES;
				CLANG_ENABLE_OBJC_WEAK = YES;
				CLANG_WARN_BLOCK_CAPTURE_AUTORELEASING = YES;
				CLANG_WARN_BOOL_CONVERSION = YES;
				CLANG_WARN_COMMA = YES;
				CLANG_WARN_CONSTANT_CONVERSION = YES;
				CLANG_WARN_DEPRECATED_OBJC_IMPLEMENTATIONS = YES;
				CLANG_WARN_DIRECT_OBJC_ISA_USAGE = YES_ERROR;
				CLANG_WARN_DOCUMENTATION_COMMENTS = YES;
				CLANG_WARN_EMPTY_BODY = YES;
				CLANG_WARN_ENUM_CONVERSION = YES;
				CLANG_WARN_INFINITE_RECURSION = YES;
				CLANG_WARN_INT_CONVERSION = YES;
				CLANG_WARN_NON_LITERAL_NULL_CONVERSION = YES;
				CLANG_WARN_OBJC_IMPLICIT_RETAIN_SELF = YES;
				CLANG_WARN_OBJC_LITERAL_CONVERSION = YES;
				CLANG_WARN_OBJC_ROOT_CLASS = YES_ERROR;
				CLANG_WARN_QUOTED_INCLUDE_IN_FRAMEWORK_HEADER = YES;
				CLANG_WARN_RANGE_LOOP_ANALYSIS = YES;
				CLANG_WARN_STRICT_PROTOTYPES = YES;
				CLANG_WARN_SUSPICIOUS_MOVE = YES;
				CLANG_WARN_UNGUARDED_AVAILABILITY = YES_AGGRESSIVE;
				CLANG_WARN_UNREACHABLE_CODE = YES;
				CLANG_WARN__DUPLICATE_METHOD_MATCH = YES;
				COPY_PHASE_STRIP = NO;
				DEBUG_INFORMATION_FORMAT = dwarf;
				ENABLE_STRICT_OBJC_MSGSEND = YES;
				ENABLE_TESTABILITY = YES;
				GCC_C_LANGUAGE_STANDARD = gnu11;
				GCC_DYNAMIC_NO_PIC = NO;
				GCC_NO_COMMON_BLOCKS = YES;
				GCC_OPTIMIZATION_LEVEL = 0;
				GCC_PREPROCESSOR_DEFINITIONS = (
					"DEBUG=1",
					"$(inherited)",
				);
				GCC_WARN_64_TO_32_BIT_CONVERSION = YES;
				GCC_WARN_ABOUT_RETURN_TYPE = YES_ERROR;
				GCC_WARN_UNDECLARED_SELECTOR = YES;
				GCC_WARN_UNINITIALIZED_AUTOS = YES_AGGRESSIVE;
				GCC_WARN_UNUSED_FUNCTION = YES;
				GCC_WARN_UNUSED_VARIABLE = YES;
				IPHONEOS_DEPLOYMENT_TARGET = 13.0;
				MTL_ENABLE_DEBUG_INFO = INCLUDE_SOURCE;
				MTL_FAST_MATH = YES;
				ONLY_ACTIVE_ARCH = YES;
				SWIFT_ACTIVE_COMPILATION_CONDITIONS = DEBUG;
				SWIFT_OPTIMIZATION_LEVEL = "-Onone";
			};
			name = Debug;
		};
		CE63500A26833F8100EF0E27 /* Release */ = {
			isa = XCBuildConfiguration;
			buildSettings = {
				ALWAYS_SEARCH_USER_PATHS = NO;
				CLANG_ANALYZER_NONNULL = YES;
				CLANG_ANALYZER_NUMBER_OBJECT_CONVERSION = YES_AGGRESSIVE;
				CLANG_CXX_LANGUAGE_STANDARD = "gnu++14";
				CLANG_CXX_LIBRARY = "libc++";
				CLANG_ENABLE_MODULES = YES;
				CLANG_ENABLE_OBJC_ARC = YES;
				CLANG_ENABLE_OBJC_WEAK = YES;
				CLANG_WARN_BLOCK_CAPTURE_AUTORELEASING = YES;
				CLANG_WARN_BOOL_CONVERSION = YES;
				CLANG_WARN_COMMA = YES;
				CLANG_WARN_CONSTANT_CONVERSION = YES;
				CLANG_WARN_DEPRECATED_OBJC_IMPLEMENTATIONS = YES;
				CLANG_WARN_DIRECT_OBJC_ISA_USAGE = YES_ERROR;
				CLANG_WARN_DOCUMENTATION_COMMENTS = YES;
				CLANG_WARN_EMPTY_BODY = YES;
				CLANG_WARN_ENUM_CONVERSION = YES;
				CLANG_WARN_INFINITE_RECURSION = YES;
				CLANG_WARN_INT_CONVERSION = YES;
				CLANG_WARN_NON_LITERAL_NULL_CONVERSION = YES;
				CLANG_WARN_OBJC_IMPLICIT_RETAIN_SELF = YES;
				CLANG_WARN_OBJC_LITERAL_CONVERSION = YES;
				CLANG_WARN_OBJC_ROOT_CLASS = YES_ERROR;
				CLANG_WARN_QUOTED_INCLUDE_IN_FRAMEWORK_HEADER = YES;
				CLANG_WARN_RANGE_LOOP_ANALYSIS = YES;
				CLANG_WARN_STRICT_PROTOTYPES = YES;
				CLANG_WARN_SUSPICIOUS_MOVE = YES;
				CLANG_WARN_UNGUARDED_AVAILABILITY = YES_AGGRESSIVE;
				CLANG_WARN_UNREACHABLE_CODE = YES;
				CLANG_WARN__DUPLICATE_METHOD_MATCH = YES;
				COPY_PHASE_STRIP = NO;
				DEBUG_INFORMATION_FORMAT = "dwarf-with-dsym";
				ENABLE_NS_ASSERTIONS = NO;
				ENABLE_STRICT_OBJC_MSGSEND = YES;
				GCC_C_LANGUAGE_STANDARD = gnu11;
				GCC_NO_COMMON_BLOCKS = YES;
				GCC_WARN_64_TO_32_BIT_CONVERSION = YES;
				GCC_WARN_ABOUT_RETURN_TYPE = YES_ERROR;
				GCC_WARN_UNDECLARED_SELECTOR = YES;
				GCC_WARN_UNINITIALIZED_AUTOS = YES_AGGRESSIVE;
				GCC_WARN_UNUSED_FUNCTION = YES;
				GCC_WARN_UNUSED_VARIABLE = YES;
				IPHONEOS_DEPLOYMENT_TARGET = 13.0;
				MTL_ENABLE_DEBUG_INFO = NO;
				MTL_FAST_MATH = YES;
				SWIFT_COMPILATION_MODE = wholemodule;
				SWIFT_OPTIMIZATION_LEVEL = "-O";
			};
			name = Release;
		};
		CE63500C26833F8100EF0E27 /* Debug */ = {
			isa = XCBuildConfiguration;
			baseConfigurationReference = 426059A8AB51E0AD9E1ED3BF /* Pods-TattoodoAssignment (iOS).debug.xcconfig */;
			buildSettings = {
				ASSETCATALOG_COMPILER_APPICON_NAME = AppIcon;
				ASSETCATALOG_COMPILER_GLOBAL_ACCENT_COLOR_NAME = AccentColor;
				CODE_SIGN_STYLE = Automatic;
				DEVELOPMENT_TEAM = 2VJ2B7A79G;
				ENABLE_PREVIEWS = YES;
				INFOPLIST_FILE = Info.plist;
				IPHONEOS_DEPLOYMENT_TARGET = 14.0;
				LD_RUNPATH_SEARCH_PATHS = (
					"$(inherited)",
					"@executable_path/Frameworks",
				);
				PRODUCT_BUNDLE_IDENTIFIER = com.tattoodo.assignment;
				PRODUCT_NAME = TattoodoAssignment;
				SDKROOT = iphoneos;
				SWIFT_VERSION = 5.0;
				TARGETED_DEVICE_FAMILY = 1;
			};
			name = Debug;
		};
		CE63500D26833F8100EF0E27 /* Release */ = {
			isa = XCBuildConfiguration;
			baseConfigurationReference = 193E36427A7832F9D0BEE1CD /* Pods-TattoodoAssignment (iOS).release.xcconfig */;
			buildSettings = {
				ASSETCATALOG_COMPILER_APPICON_NAME = AppIcon;
				ASSETCATALOG_COMPILER_GLOBAL_ACCENT_COLOR_NAME = AccentColor;
				CODE_SIGN_STYLE = Automatic;
				DEVELOPMENT_TEAM = 2VJ2B7A79G;
				ENABLE_PREVIEWS = YES;
				INFOPLIST_FILE = Info.plist;
				IPHONEOS_DEPLOYMENT_TARGET = 14.0;
				LD_RUNPATH_SEARCH_PATHS = (
					"$(inherited)",
					"@executable_path/Frameworks",
				);
				PRODUCT_BUNDLE_IDENTIFIER = com.tattoodo.assignment;
				PRODUCT_NAME = TattoodoAssignment;
				SDKROOT = iphoneos;
				SWIFT_VERSION = 5.0;
				TARGETED_DEVICE_FAMILY = 1;
				VALIDATE_PRODUCT = YES;
			};
			name = Release;
		};
/* End XCBuildConfiguration section */

/* Begin XCConfigurationList section */
		CE634FEE26833F8000EF0E27 /* Build configuration list for PBXProject "TattoodoAssignment" */ = {
			isa = XCConfigurationList;
			buildConfigurations = (
				CE63500926833F8100EF0E27 /* Debug */,
				CE63500A26833F8100EF0E27 /* Release */,
			);
			defaultConfigurationIsVisible = 0;
			defaultConfigurationName = Release;
		};
		CE63500B26833F8100EF0E27 /* Build configuration list for PBXNativeTarget "TattoodoAssignment (iOS)" */ = {
			isa = XCConfigurationList;
			buildConfigurations = (
				CE63500C26833F8100EF0E27 /* Debug */,
				CE63500D26833F8100EF0E27 /* Release */,
			);
			defaultConfigurationIsVisible = 0;
			defaultConfigurationName = Release;
		};
/* End XCConfigurationList section */
	};
	rootObject = CE634FEB26833F8000EF0E27 /* Project object */;
}
